// !$*UTF8*$!
{
	archiveVersion = 1;
	classes = {
	};
	objectVersion = 46;
	objects = {

/* Begin PBXBuildFile section */
		DBFF4ADA1FE20AF20085926D /* main.m in Sources */ = {isa = PBXBuildFile; fileRef = DBFF4AD91FE20AF20085926D /* main.m */; };
		DBFF4ADD1FE20AF20085926D /* AppDelegate.m in Sources */ = {isa = PBXBuildFile; fileRef = DBFF4ADC1FE20AF20085926D /* AppDelegate.m */; };
		DBFF4AE01FE20AF20085926D /* ViewController.m in Sources */ = {isa = PBXBuildFile; fileRef = DBFF4ADF1FE20AF20085926D /* ViewController.m */; };
		DBFF4AE31FE20AF20085926D /* Main.storyboard in Resources */ = {isa = PBXBuildFile; fileRef = DBFF4AE11FE20AF20085926D /* Main.storyboard */; };
		DBFF4AE51FE20AF20085926D /* Assets.xcassets in Resources */ = {isa = PBXBuildFile; fileRef = DBFF4AE41FE20AF20085926D /* Assets.xcassets */; };
		DBFF4AE81FE20AF20085926D /* LaunchScreen.storyboard in Resources */ = {isa = PBXBuildFile; fileRef = DBFF4AE61FE20AF20085926D /* LaunchScreen.storyboard */; };
		DBFF4AF21FE20C280085926D /* DecibelMeterHelper.m in Sources */ = {isa = PBXBuildFile; fileRef = DBFF4AF11FE20C280085926D /* DecibelMeterHelper.m */; };
/* End PBXBuildFile section */

/* Begin PBXFileReference section */
		DBFF4AD51FE20AF20085926D /* DecibelDemo.app */ = {isa = PBXFileReference; explicitFileType = wrapper.application; includeInIndex = 0; path = DecibelDemo.app; sourceTree = BUILT_PRODUCTS_DIR; };
		DBFF4AD91FE20AF20085926D /* main.m */ = {isa = PBXFileReference; lastKnownFileType = sourcecode.c.objc; path = main.m; sourceTree = "<group>"; };
		DBFF4ADB1FE20AF20085926D /* AppDelegate.h */ = {isa = PBXFileReference; lastKnownFileType = sourcecode.c.h; path = AppDelegate.h; sourceTree = "<group>"; };
		DBFF4ADC1FE20AF20085926D /* AppDelegate.m */ = {isa = PBXFileReference; lastKnownFileType = sourcecode.c.objc; path = AppDelegate.m; sourceTree = "<group>"; };
		DBFF4ADE1FE20AF20085926D /* ViewController.h */ = {isa = PBXFileReference; lastKnownFileType = sourcecode.c.h; path = ViewController.h; sourceTree = "<group>"; };
		DBFF4ADF1FE20AF20085926D /* ViewController.m */ = {isa = PBXFileReference; lastKnownFileType = sourcecode.c.objc; path = ViewController.m; sourceTree = "<group>"; };
		DBFF4AE21FE20AF20085926D /* Base */ = {isa = PBXFileReference; lastKnownFileType = file.storyboard; name = Base; path = Base.lproj/Main.storyboard; sourceTree = "<group>"; };
		DBFF4AE41FE20AF20085926D /* Assets.xcassets */ = {isa = PBXFileReference; lastKnownFileType = folder.assetcatalog; path = Assets.xcassets; sourceTree = "<group>"; };
		DBFF4AE71FE20AF20085926D /* Base */ = {isa = PBXFileReference; lastKnownFileType = file.storyboard; name = Base; path = Base.lproj/LaunchScreen.storyboard; sourceTree = "<group>"; };
		DBFF4AE91FE20AF20085926D /* Info.plist */ = {isa = PBXFileReference; lastKnownFileType = text.plist.xml; path = Info.plist; sourceTree = "<group>"; };
		DBFF4AF01FE20C280085926D /* DecibelMeterHelper.h */ = {isa = PBXFileReference; fileEncoding = 4; lastKnownFileType = sourcecode.c.h; path = DecibelMeterHelper.h; sourceTree = "<group>"; };
		DBFF4AF11FE20C280085926D /* DecibelMeterHelper.m */ = {isa = PBXFileReference; fileEncoding = 4; lastKnownFileType = sourcecode.c.objc; path = DecibelMeterHelper.m; sourceTree = "<group>"; };
/* End PBXFileReference section */

/* Begin PBXFrameworksBuildPhase section */
		DBFF4AD21FE20AF20085926D /* Frameworks */ = {
			isa = PBXFrameworksBuildPhase;
			buildActionMask = 2147483647;
			files = (
			);
			runOnlyForDeploymentPostprocessing = 0;
		};
/* End PBXFrameworksBuildPhase section */

/* Begin PBXGroup section */
		DBFF4ACC1FE20AF20085926D = {
			isa = PBXGroup;
			children = (
				DBFF4AD71FE20AF20085926D /* DecibelDemo */,
				DBFF4AD61FE20AF20085926D /* Products */,
			);
			sourceTree = "<group>";
		};
		DBFF4AD61FE20AF20085926D /* Products */ = {
			isa = PBXGroup;
			children = (
				DBFF4AD51FE20AF20085926D /* DecibelDemo.app */,
			);
			name = Products;
			sourceTree = "<group>";
		};
		DBFF4AD71FE20AF20085926D /* DecibelDemo */ = {
			isa = PBXGroup;
			children = (
				DBFF4AEF1FE20BC00085926D /* DecibelMeter */,
				DBFF4ADB1FE20AF20085926D /* AppDelegate.h */,
				DBFF4ADC1FE20AF20085926D /* AppDelegate.m */,
				DBFF4ADE1FE20AF20085926D /* ViewController.h */,
				DBFF4ADF1FE20AF20085926D /* ViewController.m */,
				DBFF4AE11FE20AF20085926D /* Main.storyboard */,
				DBFF4AE41FE20AF20085926D /* Assets.xcassets */,
				DBFF4AE61FE20AF20085926D /* LaunchScreen.storyboard */,
				DBFF4AE91FE20AF20085926D /* Info.plist */,
				DBFF4AD81FE20AF20085926D /* Supporting Files */,
			);
			path = DecibelDemo;
			sourceTree = "<group>";
		};
		DBFF4AD81FE20AF20085926D /* Supporting Files */ = {
			isa = PBXGroup;
			children = (
				DBFF4AD91FE20AF20085926D /* main.m */,
			);
			name = "Supporting Files";
			sourceTree = "<group>";
		};
		DBFF4AEF1FE20BC00085926D /* DecibelMeter */ = {
			isa = PBXGroup;
			children = (
				DBFF4AF01FE20C280085926D /* DecibelMeterHelper.h */,
				DBFF4AF11FE20C280085926D /* DecibelMeterHelper.m */,
			);
			path = DecibelMeter;
			sourceTree = "<group>";
		};
/* End PBXGroup section */

/* Begin PBXNativeTarget section */
		DBFF4AD41FE20AF20085926D /* DecibelDemo */ = {
			isa = PBXNativeTarget;
			buildConfigurationList = DBFF4AEC1FE20AF20085926D /* Build configuration list for PBXNativeTarget "DecibelDemo" */;
			buildPhases = (
				DBFF4AD11FE20AF20085926D /* Sources */,
				DBFF4AD21FE20AF20085926D /* Frameworks */,
				DBFF4AD31FE20AF20085926D /* Resources */,
			);
			buildRules = (
			);
			dependencies = (
			);
			name = DecibelDemo;
			productName = DecibelDemo;
			productReference = DBFF4AD51FE20AF20085926D /* DecibelDemo.app */;
			productType = "com.apple.product-type.application";
		};
/* End PBXNativeTarget section */

/* Begin PBXProject section */
		DBFF4ACD1FE20AF20085926D /* Project object */ = {
			isa = PBXProject;
			attributes = {
				LastUpgradeCheck = 0730;
				ORGANIZATIONNAME = Benight;
				TargetAttributes = {
					DBFF4AD41FE20AF20085926D = {
						CreatedOnToolsVersion = 7.3.1;
					};
				};
			};
			buildConfigurationList = DBFF4AD01FE20AF20085926D /* Build configuration list for PBXProject "DecibelDemo" */;
			compatibilityVersion = "Xcode 3.2";
			developmentRegion = English;
			hasScannedForEncodings = 0;
			knownRegions = (
				en,
				Base,
			);
			mainGroup = DBFF4ACC1FE20AF20085926D;
			productRefGroup = DBFF4AD61FE20AF20085926D /* Products */;
			projectDirPath = "";
			projectRoot = "";
			targets = (
				DBFF4AD41FE20AF20085926D /* DecibelDemo */,
			);
		};
/* End PBXProject section */

/* Begin PBXResourcesBuildPhase section */
		DBFF4AD31FE20AF20085926D /* Resources */ = {
			isa = PBXResourcesBuildPhase;
			buildActionMask = 2147483647;
			files = (
				DBFF4AE81FE20AF20085926D /* LaunchScreen.storyboard in Resources */,
				DBFF4AE51FE20AF20085926D /* Assets.xcassets in Resources */,
				DBFF4AE31FE20AF20085926D /* Main.storyboard in Resources */,
			);
			runOnlyForDeploymentPostprocessing = 0;
		};
/* End PBXResourcesBuildPhase section */

/* Begin PBXSourcesBuildPhase section */
		DBFF4AD11FE20AF20085926D /* Sources */ = {
			isa = PBXSourcesBuildPhase;
			buildActionMask = 2147483647;
			files = (
				DBFF4AF21FE20C280085926D /* DecibelMeterHelper.m in Sources */,
				DBFF4AE01FE20AF20085926D /* ViewController.m in Sources */,
				DBFF4ADD1FE20AF20085926D /* AppDelegate.m in Sources */,
				DBFF4ADA1FE20AF20085926D /* main.m in Sources */,
			);
			runOnlyForDeploymentPostprocessing = 0;
		};
/* End PBXSourcesBuildPhase section */

/* Begin PBXVariantGroup section */
		DBFF4AE11FE20AF20085926D /* Main.storyboard */ = {
			isa = PBXVariantGroup;
			children = (
				DBFF4AE21FE20AF20085926D /* Base */,
			);
			name = Main.storyboard;
			sourceTree = "<group>";
		};
		DBFF4AE61FE20AF20085926D /* LaunchScreen.storyboard */ = {
			isa = PBXVariantGroup;
			children = (
				DBFF4AE71FE20AF20085926D /* Base */,
			);
			name = LaunchScreen.storyboard;
			sourceTree = "<group>";
		};
/* End PBXVariantGroup section */

/* Begin XCBuildConfiguration section */
		DBFF4AEA1FE20AF20085926D /* Debug */ = {
			isa = XCBuildConfiguration;
			buildSettings = {
				ALWAYS_SEARCH_USER_PATHS = NO;
				CLANG_ANALYZER_NONNULL = YES;
				CLANG_CXX_LANGUAGE_STANDARD = "gnu++0x";
				CLANG_CXX_LIBRARY = "libc++";
				CLANG_ENABLE_MODULES = YES;
				CLANG_ENABLE_OBJC_ARC = YES;
				CLANG_WARN_BOOL_CONVERSION = YES;
				CLANG_WARN_CONSTANT_CONVERSION = YES;
				CLANG_WARN_DIRECT_OBJC_ISA_USAGE = YES_ERROR;
				CLANG_WARN_EMPTY_BODY = YES;
				CLANG_WARN_ENUM_CONVERSION = YES;
				CLANG_WARN_INT_CONVERSION = YES;
				CLANG_WARN_OBJC_ROOT_CLASS = YES_ERROR;
				CLANG_WARN_UNREACHABLE_CODE = YES;
				CLANG_WARN__DUPLICATE_METHOD_MATCH = YES;
				"CODE_SIGN_IDENTITY[sdk=iphoneos*]" = "iPhone Developer";
				COPY_PHASE_STRIP = NO;
				DEBUG_INFORMATION_FORMAT = dwarf;
				ENABLE_STRICT_OBJC_MSGSEND = YES;
				ENABLE_TESTABILITY = YES;
				GCC_C_LANGUAGE_STANDARD = gnu99;
				GCC_DYNAMIC_NO_PIC = NO;
				GCC_NO_COMMON_BLOCKS = YES;
				GCC_OPTIMIZATION_LEVEL = 0;
				GCC_PREPROCESSOR_DEFINITIONS = (
					"DEBUG=1",
					"$(inherited)",
				);
				GCC_WARN_64_TO_32_BIT_CONVERSION = YES;
				GCC_WARN_ABOUT_RETURN_TYPE = YES_ERROR;
				GCC_WARN_UNDECLARED_SELECTOR = YES;
				GCC_WARN_UNINITIALIZED_AUTOS = YES_AGGRESSIVE;
				GCC_WARN_UNUSED_FUNCTION = YES;
				GCC_WARN_UNUSED_VARIABLE = YES;
				IPHONEOS_DEPLOYMENT_TARGET = 9.3;
				MTL_ENABLE_DEBUG_INFO = YES;
				ONLY_ACTIVE_ARCH = YES;
				SDKROOT = iphoneos;
			};
			name = Debug;
		};
		DBFF4AEB1FE20AF20085926D /* Release */ = {
			isa = XCBuildConfiguration;
			buildSettings = {
				ALWAYS_SEARCH_USER_PATHS = NO;
				CLANG_ANALYZER_NONNULL = YES;
				CLANG_CXX_LANGUAGE_STANDARD = "gnu++0x";
				CLANG_CXX_LIBRARY = "libc++";
				CLANG_ENABLE_MODULES = YES;
				CLANG_ENABLE_OBJC_ARC = YES;
				CLANG_WARN_BOOL_CONVERSION = YES;
				CLANG_WARN_CONSTANT_CONVERSION = YES;
				CLANG_WARN_DIRECT_OBJC_ISA_USAGE = YES_ERROR;
				CLANG_WARN_EMPTY_BODY = YES;
				CLANG_WARN_ENUM_CONVERSION = YES;
				CLANG_WARN_INT_CONVERSION = YES;
				CLANG_WARN_OBJC_ROOT_CLASS = YES_ERROR;
				CLANG_WARN_UNREACHABLE_CODE = YES;
				CLANG_WARN__DUPLICATE_METHOD_MATCH = YES;
				"CODE_SIGN_IDENTITY[sdk=iphoneos*]" = "iPhone Developer";
				COPY_PHASE_STRIP = NO;
				DEBUG_INFORMATION_FORMAT = "dwarf-with-dsym";
				ENABLE_NS_ASSERTIONS = NO;
				ENABLE_STRICT_OBJC_MSGSEND = YES;
				GCC_C_LANGUAGE_STANDARD = gnu99;
				GCC_NO_COMMON_BLOCKS = YES;
				GCC_WARN_64_TO_32_BIT_CONVERSION = YES;
				GCC_WARN_ABOUT_RETURN_TYPE = YES_ERROR;
				GCC_WARN_UNDECLARED_SELECTOR = YES;
				GCC_WARN_UNINITIALIZED_AUTOS = YES_AGGRESSIVE;
				GCC_WARN_UNUSED_FUNCTION = YES;
				GCC_WARN_UNUSED_VARIABLE = YES;
				IPHONEOS_DEPLOYMENT_TARGET = 9.3;
				MTL_ENABLE_DEBUG_INFO = NO;
				SDKROOT = iphoneos;
				VALIDATE_PRODUCT = YES;
			};
			name = Release;
		};
		DBFF4AED1FE20AF20085926D /* Debug */ = {
			isa = XCBuildConfiguration;
			buildSettings = {
				ASSETCATALOG_COMPILER_APPICON_NAME = AppIcon;
				INFOPLIST_FILE = DecibelDemo/Info.plist;
				LD_RUNPATH_SEARCH_PATHS = "$(inherited) @executable_path/Frameworks";
				PRODUCT_BUNDLE_IDENTIFIER = com.Benight.DecibelDemo;
				PRODUCT_NAME = "$(TARGET_NAME)";
			};
			name = Debug;
		};
		DBFF4AEE1FE20AF20085926D /* Release */ = {
			isa = XCBuildConfiguration;
			buildSettings = {
				ASSETCATALOG_COMPILER_APPICON_NAME = AppIcon;
				INFOPLIST_FILE = DecibelDemo/Info.plist;
				LD_RUNPATH_SEARCH_PATHS = "$(inherited) @executable_path/Frameworks";
				PRODUCT_BUNDLE_IDENTIFIER = com.Benight.DecibelDemo;
				PRODUCT_NAME = "$(TARGET_NAME)";
			};
			name = Release;
		};
/* End XCBuildConfiguration section */

/* Begin XCConfigurationList section */
		DBFF4AD01FE20AF20085926D /* Build configuration list for PBXProject "DecibelDemo" */ = {
			isa = XCConfigurationList;
			buildConfigurations = (
				DBFF4AEA1FE20AF20085926D /* Debug */,
				DBFF4AEB1FE20AF20085926D /* Release */,
			);
			defaultConfigurationIsVisible = 0;
			defaultConfigurationName = Release;
		};
		DBFF4AEC1FE20AF20085926D /* Build configuration list for PBXNativeTarget "DecibelDemo" */ = {
			isa = XCConfigurationList;
			buildConfigurations = (
				DBFF4AED1FE20AF20085926D /* Debug */,
				DBFF4AEE1FE20AF20085926D /* Release */,
			);
			defaultConfigurationIsVisible = 0;
		};
/* End XCConfigurationList section */
	};
	rootObject = DBFF4ACD1FE20AF20085926D /* Project object */;
}
